<?xml version="1.0" encoding="utf-8"?>
<Project ToolsVersion="4.0" xmlns="http://schemas.microsoft.com/developer/msbuild/2003">
  <ItemGroup>
    <Filter Include="Source Files">
      <UniqueIdentifier>{4FC737F1-C7A5-4376-A066-2A32D752A2FF}</UniqueIdentifier>
      <Extensions>cpp;c;cxx;def;odl;idl;hpj;bat;asm;asmx</Extensions>
    </Filter>
    <Filter Include="Header Files">
      <UniqueIdentifier>{93995380-89BD-4b04-88EB-625FBE52EBFB}</UniqueIdentifier>
      <Extensions>h;hpp;hxx;hm;inl;inc;xsd</Extensions>
    </Filter>
    <Filter Include="Resource Files">
      <UniqueIdentifier>{67DA6AB6-F800-4c08-8B7A-83BB121AAD01}</UniqueIdentifier>
      <Extensions>rc;ico;cur;bmp;dlg;rc2;rct;bin;rgs;gif;jpg;jpeg;jpe;resx</Extensions>
    </Filter>
  </ItemGroup>
  <ItemGroup>
    <ClCompile Include="source\Childfrm.cpp">
      <Filter>Source Files</Filter>
    </ClCompile>
    <ClCompile Include="source\DBSolution.cpp">
      <Filter>Source Files</Filter>
    </ClCompile>
    <ClCompile Include="source\dlgcurvesmoothpar.cpp">
      <Filter>Source Files</Filter>
    </ClCompile>
    <ClCompile Include="source\FHApp.cpp">
      <Filter>Source Files</Filter>
    </ClCompile>
    <ClCompile Include="source\FHBaseDoc.cpp">
      <Filter>Source Files</Filter>
    </ClCompile>
    <ClCompile Include="source\FHCGlobal.cpp">
      <Filter>Source Files</Filter>
    </ClCompile>
    <ClCompile Include="source\FHDocManager.cpp">
      <Filter>Source Files</Filter>
    </ClCompile>
    <ClCompile Include="source\FHFrame.cpp">
      <Filter>Source Files</Filter>
    </ClCompile>
    <ClCompile Include="source\Fhglobal.cpp">
      <Filter>Source Files</Filter>
    </ClCompile>
    <ClCompile Include="source\FHImage.cpp">
      <Filter>Source Files</Filter>
    </ClCompile>
    <ClCompile Include="source\FHMainFrm.cpp">
      <Filter>Source Files</Filter>
    </ClCompile>
    <ClCompile Include="source\Fhstring.cpp">
      <Filter>Source Files</Filter>
    </ClCompile>
    <ClCompile Include="source\FHToolBar.cpp">
      <Filter>Source Files</Filter>
    </ClCompile>
    <ClCompile Include="source\FHTreeViewBase.cpp">
      <Filter>Source Files</Filter>
    </ClCompile>
    <ClCompile Include="source\FilePathDlg.cpp">
      <Filter>Source Files</Filter>
    </ClCompile>
    <ClCompile Include="source\HistoryManager.cpp">
      <Filter>Source Files</Filter>
    </ClCompile>
    <ClCompile Include="source\MD5.cpp">
      <Filter>Source Files</Filter>
    </ClCompile>
    <ClCompile Include="source\MdiClient.cpp">
      <Filter>Source Files</Filter>
    </ClCompile>
    <ClCompile Include="source\MTabWnd.cpp">
      <Filter>Source Files</Filter>
    </ClCompile>
    <ClCompile Include="source\MyDate.cpp">
      <Filter>Source Files</Filter>
    </ClCompile>
    <ClCompile Include="source\MyTime.cpp">
      <Filter>Source Files</Filter>
    </ClCompile>
    <ClCompile Include="source\OutputBar.cpp">
      <Filter>Source Files</Filter>
    </ClCompile>
    <ClCompile Include="source\ParManager.cpp">
      <Filter>Source Files</Filter>
    </ClCompile>
    <ClCompile Include="source\PathDialog.cpp">
      <Filter>Source Files</Filter>
    </ClCompile>
    <ClCompile Include="source\Progdlg.cpp">
      <Filter>Source Files</Filter>
    </ClCompile>
    <ClCompile Include="source\SoftDog.cpp">
      <Filter>Source Files</Filter>
    </ClCompile>
    <ClCompile Include="source\Splash.cpp">
      <Filter>Source Files</Filter>
    </ClCompile>
    <ClCompile Include="source\StartMenu.cpp">
      <Filter>Source Files</Filter>
    </ClCompile>
    <ClCompile Include="source\stdafx.cpp">
      <Filter>Source Files</Filter>
    </ClCompile>
    <ClCompile Include="source\StringExtractor.cpp">
      <Filter>Source Files</Filter>
    </ClCompile>
    <ClCompile Include="source\TabBar.cpp">
      <Filter>Source Files</Filter>
    </ClCompile>
    <ClCompile Include="source\TabCtrlEx.cpp">
      <Filter>Source Files</Filter>
    </ClCompile>
    <ClCompile Include="source\TreeManager.cpp">
      <Filter>Source Files</Filter>
    </ClCompile>
  </ItemGroup>
  <ItemGroup>
    <ClInclude Include="include\Childfrm.h">
      <Filter>Header Files</Filter>
    </ClInclude>
    <ClInclude Include="include\DBSolution.h">
      <Filter>Header Files</Filter>
    </ClInclude>
    <ClInclude Include="include\DlgCurveSmoothPar.h">
      <Filter>Header Files</Filter>
    </ClInclude>
    <ClInclude Include="include\FHApp.h">
      <Filter>Header Files</Filter>
    </ClInclude>
    <ClInclude Include="include\FHBaseDoc.h">
      <Filter>Header Files</Filter>
    </ClInclude>
    <ClInclude Include="include\FHCGlobal.h">
      <Filter>Header Files</Filter>
    </ClInclude>
    <ClInclude Include="include\FHDocManager.h">
      <Filter>Header Files</Filter>
    </ClInclude>
    <ClInclude Include="include\FHFrame.h">
      <Filter>Header Files</Filter>
    </ClInclude>
    <ClInclude Include="include\FHImage.h">
      <Filter>Header Files</Filter>
    </ClInclude>
    <ClInclude Include="include\FHMainFrm.h">
      <Filter>Header Files</Filter>
    </ClInclude>
    <ClInclude Include="include\Fhstring.h">
      <Filter>Header Files</Filter>
    </ClInclude>
    <ClInclude Include="include\FHToolBar.h">
      <Filter>Header Files</Filter>
    </ClInclude>
    <ClInclude Include="include\FHTreeViewBase.h">
      <Filter>Header Files</Filter>
    </ClInclude>
    <ClInclude Include="include\FilePathDlg.h">
      <Filter>Header Files</Filter>
    </ClInclude>
    <ClInclude Include="include\HistoryManager.h">
      <Filter>Header Files</Filter>
    </ClInclude>
    <ClInclude Include="include\MD5.h">
      <Filter>Header Files</Filter>
    </ClInclude>
    <ClInclude Include="include\MdiClient.h">
      <Filter>Header Files</Filter>
    </ClInclude>
    <ClInclude Include="include\MTabWnd.h">
      <Filter>Header Files</Filter>
    </ClInclude>
    <ClInclude Include="include\MyDate.h">
      <Filter>Header Files</Filter>
    </ClInclude>
    <ClInclude Include="include\MyTime.h">
      <Filter>Header Files</Filter>
    </ClInclude>
    <ClInclude Include="include\OutputBar.h">
      <Filter>Header Files</Filter>
    </ClInclude>
    <ClInclude Include="include\ParManager.h">
      <Filter>Header Files</Filter>
    </ClInclude>
    <ClInclude Include="include\PathDialog.h">
      <Filter>Header Files</Filter>
    </ClInclude>
    <ClInclude Include="include\Progdlg.h">
      <Filter>Header Files</Filter>
    </ClInclude>
    <ClInclude Include="Resource.h">
      <Filter>Header Files</Filter>
    </ClInclude>
    <ClInclude Include="include\SoftDog.h">
      <Filter>Header Files</Filter>
    </ClInclude>
    <ClInclude Include="include\Splash.h">
      <Filter>Header Files</Filter>
    </ClInclude>
    <ClInclude Include="include\StartMenu.h">
      <Filter>Header Files</Filter>
    </ClInclude>
    <ClInclude Include="source\stdafx.h">
      <Filter>Header Files</Filter>
    </ClInclude>
    <ClInclude Include="include\StringExtractor.h">
      <Filter>Header Files</Filter>
    </ClInclude>
    <ClInclude Include="include\Tabbar.h">
      <Filter>Header Files</Filter>
    </ClInclude>
    <ClInclude Include="include\TabCtrlEx.h">
      <Filter>Header Files</Filter>
    </ClInclude>
    <ClInclude Include="include\TreeManager.h">
      <Filter>Header Files</Filter>
    </ClInclude>
  </ItemGroup>
  <ItemGroup>
    <None Include="res\bmp00003.bmp">
      <Filter>Resource Files</Filter>
    </None>
    <None Include="res\FHFrame.rc2">
      <Filter>Resource Files</Filter>
    </None>
    <None Include="res\idr_main.ico">
      <Filter>Resource Files</Filter>
    </None>
    <None Include="res\JLGS.bmp">
      <Filter>Resource Files</Filter>
    </None>
    <None Include="powersectionview.bmp">
      <Filter>Resource Files</Filter>
    </None>
    <None Include="res\toolbar1.bmp">
      <Filter>Resource Files</Filter>
    </None>
    <None Include="res\workspac.bmp">
      <Filter>Resource Files</Filter>
    </None>
    <None Include="ReadMe.txt" />
  </ItemGroup>
  <ItemGroup>
    <ResourceCompile Include="FHFrame.rc">
      <Filter>Resource Files</Filter>
    </ResourceCompile>
  </ItemGroup>
  <ItemGroup>
    <Library Include="include\Ry4S.lib" />
  </ItemGroup>
</Project>